
Microsoft Visual Studio Solution File, Format Version 12.00
# Visual Studio 2013
VisualStudioVersion = 12.0.30723.0
MinimumVisualStudioVersion = 10.0.40219.1
Project("{FAE04EC0-301F-11D3-BF4B-00C04F79EFBC}") = "ImeiValidator.WebService", "ImeiValidator.WebService\ImeiValidator.WebService.csproj", "{95CDC8BF-0247-44BC-A414-572A3DD2752D}"
EndProject
Project("{FAE04EC0-301F-11D3-BF4B-00C04F79EFBC}") = "ImeiValidator.Integration.Tests", "ImeiValidator.Integration.Tests\ImeiValidator.Integration.Tests.csproj", "{2F9176BD-034A-49D0-B1DE-450E06D0ADA9}"
EndProject
Project("{FAE04EC0-301F-11D3-BF4B-00C04F79EFBC}") = "ImeiValidator.ConsoleApplication", "ImeiValidator.ConsoleApplication\ImeiValidator.ConsoleApplication.csproj", "{3BAF7F4A-936C-496F-9FE6-3591B5BCF694}"
EndProject
Project("{FAE04EC0-301F-11D3-BF4B-00C04F79EFBC}") = "ImeiValidator.NUnitTests", "ImeiValidator.NUnitTests\ImeiValidator.NUnitTests.csproj", "{92572474-78C0-4A45-81E4-6DFE8EFBAB9D}"
EndProject
Project("{FAE04EC0-301F-11D3-BF4B-00C04F79EFBC}") = "ImeiValidator.WebApplication", "ImeiValidator.WebApplication\ImeiValidator.WebApplication.csproj", "{0A427D7C-E697-4CBE-B940-ED205570AABC}"
EndProject
Project("{2150E333-8FDC-42A3-9474-1A3956D46DE8}") = "PublishScripts", "PublishScripts", "{DF3603DE-4064-4859-A36E-65E2D35CA5C9}"
	ProjectSection(SolutionItems) = preProject
		PublishScripts\AzureWebsitePublishModule.psm1 = PublishScripts\AzureWebsitePublishModule.psm1
		PublishScripts\Publish-WebApplicationWebsite.ps1 = PublishScripts\Publish-WebApplicationWebsite.ps1
	EndProjectSection
EndProject
Project("{2150E333-8FDC-42A3-9474-1A3956D46DE8}") = "Configurations", "Configurations", "{BC7F5FD8-74E7-4EA4-BA8B-1194E2E76F23}"
	ProjectSection(SolutionItems) = preProject
		PublishScripts\Configurations\ImeiValidatorWebApplication-WAWS-dev.json = PublishScripts\Configurations\ImeiValidatorWebApplication-WAWS-dev.json
	EndProjectSection
EndProject
Project("{FAE04EC0-301F-11D3-BF4B-00C04F79EFBC}") = "ImeiValidation.WebApi", "ImeiValidation.WebApi\ImeiValidation.WebApi.csproj", "{85F57CFE-B419-4DF8-BE8B-58FE599DA66C}"
EndProject
Project("{FAE04EC0-301F-11D3-BF4B-00C04F79EFBC}") = "ImeiValidator.BusinessLayer", "ImeiValidator.BusinessLayer\ImeiValidator.BusinessLayer.csproj", "{EFA0F96F-8721-4E9A-886C-8C686112210A}"
EndProject
Global
	GlobalSection(SolutionConfigurationPlatforms) = preSolution
		Debug|Any CPU = Debug|Any CPU
		Release|Any CPU = Release|Any CPU
	EndGlobalSection
	GlobalSection(ProjectConfigurationPlatforms) = postSolution
		{95CDC8BF-0247-44BC-A414-572A3DD2752D}.Debug|Any CPU.ActiveCfg = Debug|Any CPU
		{95CDC8BF-0247-44BC-A414-572A3DD2752D}.Debug|Any CPU.Build.0 = Debug|Any CPU
		{95CDC8BF-0247-44BC-A414-572A3DD2752D}.Release|Any CPU.ActiveCfg = Release|Any CPU
		{95CDC8BF-0247-44BC-A414-572A3DD2752D}.Release|Any CPU.Build.0 = Release|Any CPU
		{2F9176BD-034A-49D0-B1DE-450E06D0ADA9}.Debug|Any CPU.ActiveCfg = Debug|Any CPU
		{2F9176BD-034A-49D0-B1DE-450E06D0ADA9}.Debug|Any CPU.Build.0 = Debug|Any CPU
		{2F9176BD-034A-49D0-B1DE-450E06D0ADA9}.Release|Any CPU.ActiveCfg = Release|Any CPU
		{2F9176BD-034A-49D0-B1DE-450E06D0ADA9}.Release|Any CPU.Build.0 = Release|Any CPU
		{3BAF7F4A-936C-496F-9FE6-3591B5BCF694}.Debug|Any CPU.ActiveCfg = Debug|Any CPU
		{3BAF7F4A-936C-496F-9FE6-3591B5BCF694}.Debug|Any CPU.Build.0 = Debug|Any CPU
		{3BAF7F4A-936C-496F-9FE6-3591B5BCF694}.Release|Any CPU.ActiveCfg = Release|Any CPU
		{3BAF7F4A-936C-496F-9FE6-3591B5BCF694}.Release|Any CPU.Build.0 = Release|Any CPU
		{92572474-78C0-4A45-81E4-6DFE8EFBAB9D}.Debug|Any CPU.ActiveCfg = Debug|Any CPU
		{92572474-78C0-4A45-81E4-6DFE8EFBAB9D}.Debug|Any CPU.Build.0 = Debug|Any CPU
		{92572474-78C0-4A45-81E4-6DFE8EFBAB9D}.Release|Any CPU.ActiveCfg = Release|Any CPU
		{92572474-78C0-4A45-81E4-6DFE8EFBAB9D}.Release|Any CPU.Build.0 = Release|Any CPU
		{0A427D7C-E697-4CBE-B940-ED205570AABC}.Debug|Any CPU.ActiveCfg = Debug|Any CPU
		{0A427D7C-E697-4CBE-B940-ED205570AABC}.Debug|Any CPU.Build.0 = Debug|Any CPU
		{0A427D7C-E697-4CBE-B940-ED205570AABC}.Release|Any CPU.ActiveCfg = Release|Any CPU
		{0A427D7C-E697-4CBE-B940-ED205570AABC}.Release|Any CPU.Build.0 = Release|Any CPU
		{85F57CFE-B419-4DF8-BE8B-58FE599DA66C}.Debug|Any CPU.ActiveCfg = Debug|Any CPU
		{85F57CFE-B419-4DF8-BE8B-58FE599DA66C}.Debug|Any CPU.Build.0 = Debug|Any CPU
		{85F57CFE-B419-4DF8-BE8B-58FE599DA66C}.Release|Any CPU.ActiveCfg = Release|Any CPU
		{85F57CFE-B419-4DF8-BE8B-58FE599DA66C}.Release|Any CPU.Build.0 = Release|Any CPU
		{EFA0F96F-8721-4E9A-886C-8C686112210A}.Debug|Any CPU.ActiveCfg = Debug|Any CPU
		{EFA0F96F-8721-4E9A-886C-8C686112210A}.Debug|Any CPU.Build.0 = Debug|Any CPU
		{EFA0F96F-8721-4E9A-886C-8C686112210A}.Release|Any CPU.ActiveCfg = Release|Any CPU
		{EFA0F96F-8721-4E9A-886C-8C686112210A}.Release|Any CPU.Build.0 = Release|Any CPU
	EndGlobalSection
	GlobalSection(SolutionProperties) = preSolution
		HideSolutionNode = FALSE
	EndGlobalSection
	GlobalSection(NestedProjects) = preSolution
		{BC7F5FD8-74E7-4EA4-BA8B-1194E2E76F23} = {DF3603DE-4064-4859-A36E-65E2D35CA5C9}
	EndGlobalSection
EndGlobal
